<?xml version="1.0" encoding="utf-8"?>
<Project ToolsVersion="4.0" xmlns="http://schemas.microsoft.com/developer/msbuild/2003">
  <ItemGroup>
    <Filter Include="源文件">
      <UniqueIdentifier>{4FC737F1-C7A5-4376-A066-2A32D752A2FF}</UniqueIdentifier>
      <Extensions>cpp;c;cc;cxx;def;odl;idl;hpj;bat;asm;asmx</Extensions>
    </Filter>
    <Filter Include="头文件">
      <UniqueIdentifier>{93995380-89BD-4b04-88EB-625FBE52EBFB}</UniqueIdentifier>
      <Extensions>h;hpp;hxx;hm;inl;inc;xsd</Extensions>
    </Filter>
    <Filter Include="资源文件">
      <UniqueIdentifier>{67DA6AB6-F800-4c08-8B7A-83BB121AAD01}</UniqueIdentifier>
      <Extensions>rc;ico;cur;bmp;dlg;rc2;rct;bin;rgs;gif;jpg;jpeg;jpe;resx;tiff;tif;png;wav;mfcribbon-ms</Extensions>
    </Filter>
    <Filter Include="头文件\hge">
      <UniqueIdentifier>{0e8a114e-4347-4a94-8552-5718d20c06e6}</UniqueIdentifier>
    </Filter>
    <Filter Include="源文件\unit">
      <UniqueIdentifier>{74761847-d5a7-4798-8c57-7beb3f51b3af}</UniqueIdentifier>
    </Filter>
    <Filter Include="源文件\control">
      <UniqueIdentifier>{6b610d43-6272-4e14-985e-8fff6b1357d6}</UniqueIdentifier>
    </Filter>
    <Filter Include="源文件\scene">
      <UniqueIdentifier>{254658da-5235-46ba-a583-2e9e34906967}</UniqueIdentifier>
    </Filter>
    <Filter Include="源文件\engine">
      <UniqueIdentifier>{db0e691f-00db-4206-8b86-a60355b31289}</UniqueIdentifier>
    </Filter>
    <Filter Include="源文件\gameobject">
      <UniqueIdentifier>{c1522f01-dc2a-45c7-80e2-719eb98763d1}</UniqueIdentifier>
    </Filter>
    <Filter Include="源文件\control\controlobject">
      <UniqueIdentifier>{a88b9b20-0b15-40c2-a1d2-68558ea07e56}</UniqueIdentifier>
    </Filter>
  </ItemGroup>
  <ItemGroup>
    <ClCompile Include="WinMain.cpp">
      <Filter>源文件</Filter>
    </ClCompile>
    <ClCompile Include="control\GameControler.cpp">
      <Filter>源文件\control</Filter>
    </ClCompile>
    <ClCompile Include="scene\MenuScene.cpp">
      <Filter>源文件\scene</Filter>
    </ClCompile>
    <ClCompile Include="engine\SceneEngine.cpp">
      <Filter>源文件\engine</Filter>
    </ClCompile>
    <ClCompile Include="scene\PlayScene.cpp">
      <Filter>源文件\scene</Filter>
    </ClCompile>
    <ClCompile Include="control\controlobject\Texture.cpp">
      <Filter>源文件\control\controlobject</Filter>
    </ClCompile>
  </ItemGroup>
  <ItemGroup>
    <ClInclude Include="hge\include\hge.h">
      <Filter>头文件\hge</Filter>
    </ClInclude>
    <ClInclude Include="hge\include\hgeanim.h">
      <Filter>头文件\hge</Filter>
    </ClInclude>
    <ClInclude Include="hge\include\hgecolor.h">
      <Filter>头文件\hge</Filter>
    </ClInclude>
    <ClInclude Include="hge\include\hgedistort.h">
      <Filter>头文件\hge</Filter>
    </ClInclude>
    <ClInclude Include="hge\include\hgefont.h">
      <Filter>头文件\hge</Filter>
    </ClInclude>
    <ClInclude Include="hge\include\hgegui.h">
      <Filter>头文件\hge</Filter>
    </ClInclude>
    <ClInclude Include="hge\include\hgeguictrls.h">
      <Filter>头文件\hge</Filter>
    </ClInclude>
    <ClInclude Include="hge\include\hgeparticle.h">
      <Filter>头文件\hge</Filter>
    </ClInclude>
    <ClInclude Include="hge\include\hgerect.h">
      <Filter>头文件\hge</Filter>
    </ClInclude>
    <ClInclude Include="hge\include\hgeresource.h">
      <Filter>头文件\hge</Filter>
    </ClInclude>
    <ClInclude Include="hge\include\hgesprite.h">
      <Filter>头文件\hge</Filter>
    </ClInclude>
    <ClInclude Include="hge\include\hgestrings.h">
      <Filter>头文件\hge</Filter>
    </ClInclude>
    <ClInclude Include="hge\include\hgevector.h">
      <Filter>头文件\hge</Filter>
    </ClInclude>
    <ClInclude Include="unit\Singleton.h">
      <Filter>源文件\unit</Filter>
    </ClInclude>
    <ClInclude Include="control\GameControler.h">
      <Filter>源文件\control</Filter>
    </ClInclude>
    <ClInclude Include="scene\Scene.h">
      <Filter>源文件\scene</Filter>
    </ClInclude>
    <ClInclude Include="scene\MenuScene.h">
      <Filter>源文件\scene</Filter>
    </ClInclude>
    <ClInclude Include="globaldef.h">
      <Filter>头文件</Filter>
    </ClInclude>
    <ClInclude Include="engine\SceneEngine.h">
      <Filter>源文件\engine</Filter>
    </ClInclude>
    <ClInclude Include="scene\PlayScene.h">
      <Filter>源文件\scene</Filter>
    </ClInclude>
    <ClInclude Include="control\controlobject\Texture.h">
      <Filter>源文件\control\controlobject</Filter>
    </ClInclude>
  </ItemGroup>
</Project>